// !$*UTF8*$!
{
	archiveVersion = 1;
	classes = {
	};
	objectVersion = 46;
	objects = {

/* Begin PBXBuildFile section */
		21BC8F0D19159DC1007E46E3 /* Foundation.framework in Frameworks */ = {isa = PBXBuildFile; fileRef = 21BC8F0C19159DC1007E46E3 /* Foundation.framework */; };
		21BC8F0F19159DC1007E46E3 /* CoreGraphics.framework in Frameworks */ = {isa = PBXBuildFile; fileRef = 21BC8F0E19159DC1007E46E3 /* CoreGraphics.framework */; };
		21BC8F1119159DC1007E46E3 /* UIKit.framework in Frameworks */ = {isa = PBXBuildFile; fileRef = 21BC8F1019159DC1007E46E3 /* UIKit.framework */; };
		21BC8F1719159DC1007E46E3 /* InfoPlist.strings in Resources */ = {isa = PBXBuildFile; fileRef = 21BC8F1519159DC1007E46E3 /* InfoPlist.strings */; };
		21BC8F1919159DC1007E46E3 /* main.m in Sources */ = {isa = PBXBuildFile; fileRef = 21BC8F1819159DC1007E46E3 /* main.m */; };
		21BC8F1D19159DC1007E46E3 /* AppDelegate.m in Sources */ = {isa = PBXBuildFile; fileRef = 21BC8F1C19159DC1007E46E3 /* AppDelegate.m */; };
		21BC8F2019159DC1007E46E3 /* Main.storyboard in Resources */ = {isa = PBXBuildFile; fileRef = 21BC8F1E19159DC1007E46E3 /* Main.storyboard */; };
		21BC8F2319159DC1007E46E3 /* FirstViewController.m in Sources */ = {isa = PBXBuildFile; fileRef = 21BC8F2219159DC1007E46E3 /* FirstViewController.m */; };
		21BC8F2619159DC1007E46E3 /* SecondViewController.m in Sources */ = {isa = PBXBuildFile; fileRef = 21BC8F2519159DC1007E46E3 /* SecondViewController.m */; };
		21BC8F2819159DC1007E46E3 /* Images.xcassets in Resources */ = {isa = PBXBuildFile; fileRef = 21BC8F2719159DC1007E46E3 /* Images.xcassets */; };
		21BC8F2F19159DC1007E46E3 /* XCTest.framework in Frameworks */ = {isa = PBXBuildFile; fileRef = 21BC8F2E19159DC1007E46E3 /* XCTest.framework */; };
		21BC8F3019159DC1007E46E3 /* Foundation.framework in Frameworks */ = {isa = PBXBuildFile; fileRef = 21BC8F0C19159DC1007E46E3 /* Foundation.framework */; };
		21BC8F3119159DC1007E46E3 /* UIKit.framework in Frameworks */ = {isa = PBXBuildFile; fileRef = 21BC8F1019159DC1007E46E3 /* UIKit.framework */; };
		21BC8F3919159DC2007E46E3 /* InfoPlist.strings in Resources */ = {isa = PBXBuildFile; fileRef = 21BC8F3719159DC2007E46E3 /* InfoPlist.strings */; };
		21BC8F3B19159DC2007E46E3 /* twitterTests.m in Sources */ = {isa = PBXBuildFile; fileRef = 21BC8F3A19159DC2007E46E3 /* twitterTests.m */; };
/* End PBXBuildFile section */

/* Begin PBXContainerItemProxy section */
		21BC8F3219159DC1007E46E3 /* PBXContainerItemProxy */ = {
			isa = PBXContainerItemProxy;
			containerPortal = 21BC8F0119159DC1007E46E3 /* Project object */;
			proxyType = 1;
			remoteGlobalIDString = 21BC8F0819159DC1007E46E3;
			remoteInfo = twitter;
		};
/* End PBXContainerItemProxy section */

/* Begin PBXFileReference section */
		21BC8F0919159DC1007E46E3 /* twitter.app */ = {isa = PBXFileReference; explicitFileType = wrapper.application; includeInIndex = 0; path = twitter.app; sourceTree = BUILT_PRODUCTS_DIR; };
		21BC8F0C19159DC1007E46E3 /* Foundation.framework */ = {isa = PBXFileReference; lastKnownFileType = wrapper.framework; name = Foundation.framework; path = System/Library/Frameworks/Foundation.framework; sourceTree = SDKROOT; };
		21BC8F0E19159DC1007E46E3 /* CoreGraphics.framework */ = {isa = PBXFileReference; lastKnownFileType = wrapper.framework; name = CoreGraphics.framework; path = System/Library/Frameworks/CoreGraphics.framework; sourceTree = SDKROOT; };
		21BC8F1019159DC1007E46E3 /* UIKit.framework */ = {isa = PBXFileReference; lastKnownFileType = wrapper.framework; name = UIKit.framework; path = System/Library/Frameworks/UIKit.framework; sourceTree = SDKROOT; };
		21BC8F1419159DC1007E46E3 /* twitter-Info.plist */ = {isa = PBXFileReference; lastKnownFileType = text.plist.xml; path = "twitter-Info.plist"; sourceTree = "<group>"; };
		21BC8F1619159DC1007E46E3 /* en */ = {isa = PBXFileReference; lastKnownFileType = text.plist.strings; name = en; path = en.lproj/InfoPlist.strings; sourceTree = "<group>"; };
		21BC8F1819159DC1007E46E3 /* main.m */ = {isa = PBXFileReference; lastKnownFileType = sourcecode.c.objc; path = main.m; sourceTree = "<group>"; };
		21BC8F1A19159DC1007E46E3 /* twitter-Prefix.pch */ = {isa = PBXFileReference; lastKnownFileType = sourcecode.c.h; path = "twitter-Prefix.pch"; sourceTree = "<group>"; };
		21BC8F1B19159DC1007E46E3 /* AppDelegate.h */ = {isa = PBXFileReference; lastKnownFileType = sourcecode.c.h; path = AppDelegate.h; sourceTree = "<group>"; };
		21BC8F1C19159DC1007E46E3 /* AppDelegate.m */ = {isa = PBXFileReference; lastKnownFileType = sourcecode.c.objc; path = AppDelegate.m; sourceTree = "<group>"; };
		21BC8F1F19159DC1007E46E3 /* Base */ = {isa = PBXFileReference; lastKnownFileType = file.storyboard; name = Base; path = Base.lproj/Main.storyboard; sourceTree = "<group>"; };
		21BC8F2119159DC1007E46E3 /* FirstViewController.h */ = {isa = PBXFileReference; lastKnownFileType = sourcecode.c.h; path = FirstViewController.h; sourceTree = "<group>"; };
		21BC8F2219159DC1007E46E3 /* FirstViewController.m */ = {isa = PBXFileReference; lastKnownFileType = sourcecode.c.objc; path = FirstViewController.m; sourceTree = "<group>"; };
		21BC8F2419159DC1007E46E3 /* SecondViewController.h */ = {isa = PBXFileReference; lastKnownFileType = sourcecode.c.h; path = SecondViewController.h; sourceTree = "<group>"; };
		21BC8F2519159DC1007E46E3 /* SecondViewController.m */ = {isa = PBXFileReference; lastKnownFileType = sourcecode.c.objc; path = SecondViewController.m; sourceTree = "<group>"; };
		21BC8F2719159DC1007E46E3 /* Images.xcassets */ = {isa = PBXFileReference; lastKnownFileType = folder.assetcatalog; path = Images.xcassets; sourceTree = "<group>"; };
		21BC8F2D19159DC1007E46E3 /* twitterTests.xctest */ = {isa = PBXFileReference; explicitFileType = wrapper.cfbundle; includeInIndex = 0; path = twitterTests.xctest; sourceTree = BUILT_PRODUCTS_DIR; };
		21BC8F2E19159DC1007E46E3 /* XCTest.framework */ = {isa = PBXFileReference; lastKnownFileType = wrapper.framework; name = XCTest.framework; path = Library/Frameworks/XCTest.framework; sourceTree = DEVELOPER_DIR; };
		21BC8F3619159DC1007E46E3 /* twitterTests-Info.plist */ = {isa = PBXFileReference; lastKnownFileType = text.plist.xml; path = "twitterTests-Info.plist"; sourceTree = "<group>"; };
		21BC8F3819159DC2007E46E3 /* en */ = {isa = PBXFileReference; lastKnownFileType = text.plist.strings; name = en; path = en.lproj/InfoPlist.strings; sourceTree = "<group>"; };
		21BC8F3A19159DC2007E46E3 /* twitterTests.m */ = {isa = PBXFileReference; lastKnownFileType = sourcecode.c.objc; path = twitterTests.m; sourceTree = "<group>"; };
/* End PBXFileReference section */

/* Begin PBXFrameworksBuildPhase section */
		21BC8F0619159DC1007E46E3 /* Frameworks */ = {
			isa = PBXFrameworksBuildPhase;
			buildActionMask = 2147483647;
			files = (
				21BC8F0F19159DC1007E46E3 /* CoreGraphics.framework in Frameworks */,
				21BC8F1119159DC1007E46E3 /* UIKit.framework in Frameworks */,
				21BC8F0D19159DC1007E46E3 /* Foundation.framework in Frameworks */,
			);
			runOnlyForDeploymentPostprocessing = 0;
		};
		21BC8F2A19159DC1007E46E3 /* Frameworks */ = {
			isa = PBXFrameworksBuildPhase;
			buildActionMask = 2147483647;
			files = (
				21BC8F2F19159DC1007E46E3 /* XCTest.framework in Frameworks */,
				21BC8F3119159DC1007E46E3 /* UIKit.framework in Frameworks */,
				21BC8F3019159DC1007E46E3 /* Foundation.framework in Frameworks */,
			);
			runOnlyForDeploymentPostprocessing = 0;
		};
/* End PBXFrameworksBuildPhase section */

/* Begin PBXGroup section */
		21BC8F0019159DC1007E46E3 = {
			isa = PBXGroup;
			children = (
				21BC8F1219159DC1007E46E3 /* twitter */,
				21BC8F3419159DC1007E46E3 /* twitterTests */,
				21BC8F0B19159DC1007E46E3 /* Frameworks */,
				21BC8F0A19159DC1007E46E3 /* Products */,
			);
			sourceTree = "<group>";
		};
		21BC8F0A19159DC1007E46E3 /* Products */ = {
			isa = PBXGroup;
			children = (
				21BC8F0919159DC1007E46E3 /* twitter.app */,
				21BC8F2D19159DC1007E46E3 /* twitterTests.xctest */,
			);
			name = Products;
			sourceTree = "<group>";
		};
		21BC8F0B19159DC1007E46E3 /* Frameworks */ = {
			isa = PBXGroup;
			children = (
				21BC8F0C19159DC1007E46E3 /* Foundation.framework */,
				21BC8F0E19159DC1007E46E3 /* CoreGraphics.framework */,
				21BC8F1019159DC1007E46E3 /* UIKit.framework */,
				21BC8F2E19159DC1007E46E3 /* XCTest.framework */,
			);
			name = Frameworks;
			sourceTree = "<group>";
		};
		21BC8F1219159DC1007E46E3 /* twitter */ = {
			isa = PBXGroup;
			children = (
				21BC8F1B19159DC1007E46E3 /* AppDelegate.h */,
				21BC8F1C19159DC1007E46E3 /* AppDelegate.m */,
				21BC8F1E19159DC1007E46E3 /* Main.storyboard */,
				21BC8F2119159DC1007E46E3 /* FirstViewController.h */,
				21BC8F2219159DC1007E46E3 /* FirstViewController.m */,
				21BC8F2419159DC1007E46E3 /* SecondViewController.h */,
				21BC8F2519159DC1007E46E3 /* SecondViewController.m */,
				21BC8F2719159DC1007E46E3 /* Images.xcassets */,
				21BC8F1319159DC1007E46E3 /* Supporting Files */,
			);
			path = twitter;
			sourceTree = "<group>";
		};
		21BC8F1319159DC1007E46E3 /* Supporting Files */ = {
			isa = PBXGroup;
			children = (
				21BC8F1419159DC1007E46E3 /* twitter-Info.plist */,
				21BC8F1519159DC1007E46E3 /* InfoPlist.strings */,
				21BC8F1819159DC1007E46E3 /* main.m */,
				21BC8F1A19159DC1007E46E3 /* twitter-Prefix.pch */,
			);
			name = "Supporting Files";
			sourceTree = "<group>";
		};
		21BC8F3419159DC1007E46E3 /* twitterTests */ = {
			isa = PBXGroup;
			children = (
				21BC8F3A19159DC2007E46E3 /* twitterTests.m */,
				21BC8F3519159DC1007E46E3 /* Supporting Files */,
			);
			path = twitterTests;
			sourceTree = "<group>";
		};
		21BC8F3519159DC1007E46E3 /* Supporting Files */ = {
			isa = PBXGroup;
			children = (
				21BC8F3619159DC1007E46E3 /* twitterTests-Info.plist */,
				21BC8F3719159DC2007E46E3 /* InfoPlist.strings */,
			);
			name = "Supporting Files";
			sourceTree = "<group>";
		};
/* End PBXGroup section */

/* Begin PBXNativeTarget section */
		21BC8F0819159DC1007E46E3 /* twitter */ = {
			isa = PBXNativeTarget;
			buildConfigurationList = 21BC8F3E19159DC2007E46E3 /* Build configuration list for PBXNativeTarget "twitter" */;
			buildPhases = (
				21BC8F0519159DC1007E46E3 /* Sources */,
				21BC8F0619159DC1007E46E3 /* Frameworks */,
				21BC8F0719159DC1007E46E3 /* Resources */,
			);
			buildRules = (
			);
			dependencies = (
			);
			name = twitter;
			productName = twitter;
			productReference = 21BC8F0919159DC1007E46E3 /* twitter.app */;
			productType = "com.apple.product-type.application";
		};
		21BC8F2C19159DC1007E46E3 /* twitterTests */ = {
			isa = PBXNativeTarget;
			buildConfigurationList = 21BC8F4119159DC2007E46E3 /* Build configuration list for PBXNativeTarget "twitterTests" */;
			buildPhases = (
				21BC8F2919159DC1007E46E3 /* Sources */,
				21BC8F2A19159DC1007E46E3 /* Frameworks */,
				21BC8F2B19159DC1007E46E3 /* Resources */,
			);
			buildRules = (
			);
			dependencies = (
				21BC8F3319159DC1007E46E3 /* PBXTargetDependency */,
			);
			name = twitterTests;
			productName = twitterTests;
			productReference = 21BC8F2D19159DC1007E46E3 /* twitterTests.xctest */;
			productType = "com.apple.product-type.bundle.unit-test";
		};
/* End PBXNativeTarget section */

/* Begin PBXProject section */
		21BC8F0119159DC1007E46E3 /* Project object */ = {
			isa = PBXProject;
			attributes = {
				LastUpgradeCheck = 0510;
				ORGANIZATIONNAME = "Yuji Shimizu";
				TargetAttributes = {
					21BC8F2C19159DC1007E46E3 = {
						TestTargetID = 21BC8F0819159DC1007E46E3;
					};
				};
			};
			buildConfigurationList = 21BC8F0419159DC1007E46E3 /* Build configuration list for PBXProject "twitter" */;
			compatibilityVersion = "Xcode 3.2";
			developmentRegion = English;
			hasScannedForEncodings = 0;
			knownRegions = (
				en,
				Base,
			);
			mainGroup = 21BC8F0019159DC1007E46E3;
			productRefGroup = 21BC8F0A19159DC1007E46E3 /* Products */;
			projectDirPath = "";
			projectRoot = "";
			targets = (
				21BC8F0819159DC1007E46E3 /* twitter */,
				21BC8F2C19159DC1007E46E3 /* twitterTests */,
			);
		};
/* End PBXProject section */

/* Begin PBXResourcesBuildPhase section */
		21BC8F0719159DC1007E46E3 /* Resources */ = {
			isa = PBXResourcesBuildPhase;
			buildActionMask = 2147483647;
			files = (
				21BC8F2819159DC1007E46E3 /* Images.xcassets in Resources */,
				21BC8F1719159DC1007E46E3 /* InfoPlist.strings in Resources */,
				21BC8F2019159DC1007E46E3 /* Main.storyboard in Resources */,
			);
			runOnlyForDeploymentPostprocessing = 0;
		};
		21BC8F2B19159DC1007E46E3 /* Resources */ = {
			isa = PBXResourcesBuildPhase;
			buildActionMask = 2147483647;
			files = (
				21BC8F3919159DC2007E46E3 /* InfoPlist.strings in Resources */,
			);
			runOnlyForDeploymentPostprocessing = 0;
		};
/* End PBXResourcesBuildPhase section */

/* Begin PBXSourcesBuildPhase section */
		21BC8F0519159DC1007E46E3 /* Sources */ = {
			isa = PBXSourcesBuildPhase;
			buildActionMask = 2147483647;
			files = (
				21BC8F2619159DC1007E46E3 /* SecondViewController.m in Sources */,
				21BC8F1D19159DC1007E46E3 /* AppDelegate.m in Sources */,
				21BC8F2319159DC1007E46E3 /* FirstViewController.m in Sources */,
				21BC8F1919159DC1007E46E3 /* main.m in Sources */,
			);
			runOnlyForDeploymentPostprocessing = 0;
		};
		21BC8F2919159DC1007E46E3 /* Sources */ = {
			isa = PBXSourcesBuildPhase;
			buildActionMask = 2147483647;
			files = (
				21BC8F3B19159DC2007E46E3 /* twitterTests.m in Sources */,
			);
			runOnlyForDeploymentPostprocessing = 0;
		};
/* End PBXSourcesBuildPhase section */

/* Begin PBXTargetDependency section */
		21BC8F3319159DC1007E46E3 /* PBXTargetDependency */ = {
			isa = PBXTargetDependency;
			target = 21BC8F0819159DC1007E46E3 /* twitter */;
			targetProxy = 21BC8F3219159DC1007E46E3 /* PBXContainerItemProxy */;
		};
/* End PBXTargetDependency section */

/* Begin PBXVariantGroup section */
		21BC8F1519159DC1007E46E3 /* InfoPlist.strings */ = {
			isa = PBXVariantGroup;
			children = (
				21BC8F1619159DC1007E46E3 /* en */,
			);
			name = InfoPlist.strings;
			sourceTree = "<group>";
		};
		21BC8F1E19159DC1007E46E3 /* Main.storyboard */ = {
			isa = PBXVariantGroup;
			children = (
				21BC8F1F19159DC1007E46E3 /* Base */,
			);
			name = Main.storyboard;
			sourceTree = "<group>";
		};
		21BC8F3719159DC2007E46E3 /* InfoPlist.strings */ = {
			isa = PBXVariantGroup;
			children = (
				21BC8F3819159DC2007E46E3 /* en */,
			);
			name = InfoPlist.strings;
			sourceTree = "<group>";
		};
/* End PBXVariantGroup section */

/* Begin XCBuildConfiguration section */
		21BC8F3C19159DC2007E46E3 /* Debug */ = {
			isa = XCBuildConfiguration;
			buildSettings = {
				ALWAYS_SEARCH_USER_PATHS = NO;
				CLANG_CXX_LANGUAGE_STANDARD = "gnu++0x";
				CLANG_CXX_LIBRARY = "libc++";
				CLANG_ENABLE_MODULES = YES;
				CLANG_ENABLE_OBJC_ARC = YES;
				CLANG_WARN_BOOL_CONVERSION = YES;
				CLANG_WARN_CONSTANT_CONVERSION = YES;
				CLANG_WARN_DIRECT_OBJC_ISA_USAGE = YES_ERROR;
				CLANG_WARN_EMPTY_BODY = YES;
				CLANG_WARN_ENUM_CONVERSION = YES;
				CLANG_WARN_INT_CONVERSION = YES;
				CLANG_WARN_OBJC_ROOT_CLASS = YES_ERROR;
				CLANG_WARN__DUPLICATE_METHOD_MATCH = YES;
				"CODE_SIGN_IDENTITY[sdk=iphoneos*]" = "iPhone Developer";
				COPY_PHASE_STRIP = NO;
				GCC_C_LANGUAGE_STANDARD = gnu99;
				GCC_DYNAMIC_NO_PIC = NO;
				GCC_OPTIMIZATION_LEVEL = 0;
				GCC_PREPROCESSOR_DEFINITIONS = (
					"DEBUG=1",
					"$(inherited)",
				);
				GCC_SYMBOLS_PRIVATE_EXTERN = NO;
				GCC_WARN_64_TO_32_BIT_CONVERSION = YES;
				GCC_WARN_ABOUT_RETURN_TYPE = YES_ERROR;
				GCC_WARN_UNDECLARED_SELECTOR = YES;
				GCC_WARN_UNINITIALIZED_AUTOS = YES_AGGRESSIVE;
				GCC_WARN_UNUSED_FUNCTION = YES;
				GCC_WARN_UNUSED_VARIABLE = YES;
				IPHONEOS_DEPLOYMENT_TARGET = 7.1;
				ONLY_ACTIVE_ARCH = YES;
				SDKROOT = iphoneos;
			};
			name = Debug;
		};
		21BC8F3D19159DC2007E46E3 /* Release */ = {
			isa = XCBuildConfiguration;
			buildSettings = {
				ALWAYS_SEARCH_USER_PATHS = NO;
				CLANG_CXX_LANGUAGE_STANDARD = "gnu++0x";
				CLANG_CXX_LIBRARY = "libc++";
				CLANG_ENABLE_MODULES = YES;
				CLANG_ENABLE_OBJC_ARC = YES;
				CLANG_WARN_BOOL_CONVERSION = YES;
				CLANG_WARN_CONSTANT_CONVERSION = YES;
				CLANG_WARN_DIRECT_OBJC_ISA_USAGE = YES_ERROR;
				CLANG_WARN_EMPTY_BODY = YES;
				CLANG_WARN_ENUM_CONVERSION = YES;
				CLANG_WARN_INT_CONVERSION = YES;
				CLANG_WARN_OBJC_ROOT_CLASS = YES_ERROR;
				CLANG_WARN__DUPLICATE_METHOD_MATCH = YES;
				"CODE_SIGN_IDENTITY[sdk=iphoneos*]" = "iPhone Developer";
				COPY_PHASE_STRIP = YES;
				ENABLE_NS_ASSERTIONS = NO;
				GCC_C_LANGUAGE_STANDARD = gnu99;
				GCC_WARN_64_TO_32_BIT_CONVERSION = YES;
				GCC_WARN_ABOUT_RETURN_TYPE = YES_ERROR;
				GCC_WARN_UNDECLARED_SELECTOR = YES;
				GCC_WARN_UNINITIALIZED_AUTOS = YES_AGGRESSIVE;
				GCC_WARN_UNUSED_FUNCTION = YES;
				GCC_WARN_UNUSED_VARIABLE = YES;
				IPHONEOS_DEPLOYMENT_TARGET = 7.1;
				SDKROOT = iphoneos;
				VALIDATE_PRODUCT = YES;
			};
			name = Release;
		};
		21BC8F3F19159DC2007E46E3 /* Debug */ = {
			isa = XCBuildConfiguration;
			buildSettings = {
				ASSETCATALOG_COMPILER_APPICON_NAME = AppIcon;
				ASSETCATALOG_COMPILER_LAUNCHIMAGE_NAME = LaunchImage;
				GCC_PRECOMPILE_PREFIX_HEADER = YES;
				GCC_PREFIX_HEADER = "twitter/twitter-Prefix.pch";
				INFOPLIST_FILE = "twitter/twitter-Info.plist";
				PRODUCT_NAME = "$(TARGET_NAME)";
				WRAPPER_EXTENSION = app;
			};
			name = Debug;
		};
		21BC8F4019159DC2007E46E3 /* Release */ = {
			isa = XCBuildConfiguration;
			buildSettings = {
				ASSETCATALOG_COMPILER_APPICON_NAME = AppIcon;
				ASSETCATALOG_COMPILER_LAUNCHIMAGE_NAME = LaunchImage;
				GCC_PRECOMPILE_PREFIX_HEADER = YES;
				GCC_PREFIX_HEADER = "twitter/twitter-Prefix.pch";
				INFOPLIST_FILE = "twitter/twitter-Info.plist";
				PRODUCT_NAME = "$(TARGET_NAME)";
				WRAPPER_EXTENSION = app;
			};
			name = Release;
		};
		21BC8F4219159DC2007E46E3 /* Debug */ = {
			isa = XCBuildConfiguration;
			buildSettings = {
				BUNDLE_LOADER = "$(BUILT_PRODUCTS_DIR)/twitter.app/twitter";
				FRAMEWORK_SEARCH_PATHS = (
					"$(SDKROOT)/Developer/Library/Frameworks",
					"$(inherited)",
					"$(DEVELOPER_FRAMEWORKS_DIR)",
				);
				GCC_PRECOMPILE_PREFIX_HEADER = YES;
				GCC_PREFIX_HEADER = "twitter/twitter-Prefix.pch";
				GCC_PREPROCESSOR_DEFINITIONS = (
					"DEBUG=1",
					"$(inherited)",
				);
				INFOPLIST_FILE = "twitterTests/twitterTests-Info.plist";
				PRODUCT_NAME = "$(TARGET_NAME)";
				TEST_HOST = "$(BUNDLE_LOADER)";
				WRAPPER_EXTENSION = xctest;
			};
			name = Debug;
		};
		21BC8F4319159DC2007E46E3 /* Release */ = {
			isa = XCBuildConfiguration;
			buildSettings = {
				BUNDLE_LOADER = "$(BUILT_PRODUCTS_DIR)/twitter.app/twitter";
				FRAMEWORK_SEARCH_PATHS = (
					"$(SDKROOT)/Developer/Library/Frameworks",
					"$(inherited)",
					"$(DEVELOPER_FRAMEWORKS_DIR)",
				);
				GCC_PRECOMPILE_PREFIX_HEADER = YES;
				GCC_PREFIX_HEADER = "twitter/twitter-Prefix.pch";
				INFOPLIST_FILE = "twitterTests/twitterTests-Info.plist";
				PRODUCT_NAME = "$(TARGET_NAME)";
				TEST_HOST = "$(BUNDLE_LOADER)";
				WRAPPER_EXTENSION = xctest;
			};
			name = Release;
		};
/* End XCBuildConfiguration section */

/* Begin XCConfigurationList section */
		21BC8F0419159DC1007E46E3 /* Build configuration list for PBXProject "twitter" */ = {
			isa = XCConfigurationList;
			buildConfigurations = (
				21BC8F3C19159DC2007E46E3 /* Debug */,
				21BC8F3D19159DC2007E46E3 /* Release */,
			);
			defaultConfigurationIsVisible = 0;
			defaultConfigurationName = Release;
		};
		21BC8F3E19159DC2007E46E3 /* Build configuration list for PBXNativeTarget "twitter" */ = {
			isa = XCConfigurationList;
			buildConfigurations = (
				21BC8F3F19159DC2007E46E3 /* Debug */,
				21BC8F4019159DC2007E46E3 /* Release */,
			);
			defaultConfigurationIsVisible = 0;
		};
		21BC8F4119159DC2007E46E3 /* Build configuration list for PBXNativeTarget "twitterTests" */ = {
			isa = XCConfigurationList;
			buildConfigurations = (
				21BC8F4219159DC2007E46E3 /* Debug */,
				21BC8F4319159DC2007E46E3 /* Release */,
			);
			defaultConfigurationIsVisible = 0;
		};
/* End XCConfigurationList section */
	};
	rootObject = 21BC8F0119159DC1007E46E3 /* Project object */;
}
